{
  "requires": true,
  "lockfileVersion": 1,
  "dependencies": {
    "echarts": {
      "version": "5.1.1",
      "resolved": "https://registry.npmjs.org/echarts/-/echarts-5.1.1.tgz",
      "integrity": "sha512-b3nP8M9XwZM2jISuA+fP0EuJv8lcfgWrinel185Npy8bE/UhXTDIPJcqgQOCWdvk0c5CeT6Dsm1xBjmJXAGlxQ==",
      "requires": {
        "tslib": "2.0.3",
        "zrender": "5.1.0"
      }
    },
    "tslib": {
      "version": "2.0.3",
      "resolved": "https://registry.npmjs.org/tslib/-/tslib-2.0.3.tgz",
      "integrity": "sha512-uZtkfKblCEQtZKBF6EBXVZeQNl82yqtDQdv+eck8u7tdPxjLu2/lp5/uPW+um2tpuxINHWy3GhiccY7QgEaVHQ=="
    },
    "zrender": {
      "version": "5.1.0",
      "resolved": "https://registry.npmjs.org/zrender/-/zrender-5.1.0.tgz",
      "integrity": "sha512-c+8VRx52ycbmqwHeHLlo/BAfIHBl/JZNLM6cfDQFgzIH05yb+f5J9F/fbRsP+zGc8dW9XHuhdt8/iqukgMZSeg==",
      "requires": {
        "tslib": "2.0.3"
      }
    }
  }
}
